
Microsoft Visual Studio Solution File, Format Version 12.00
# Visual Studio Version 16
VisualStudioVersion = 16.0.30225.117
MinimumVisualStudioVersion = 10.0.40219.1
Project("{9A19103F-16F7-4668-BE54-9A1E7A4F7556}") = "Wildcamper.API", "Wildcamper.API\Wildcamper.API.csproj", "{37E1EBE4-B213-4F3E-80BE-4A5DD11DDD81}"
EndProject
Global
	GlobalSection(SolutionConfigurationPlatforms) = preSolution
		Debug|Any CPU = Debug|Any CPU
		Release|Any CPU = Release|Any CPU
	EndGlobalSection
	GlobalSection(ProjectConfigurationPlatforms) = postSolution
		{37E1EBE4-B213-4F3E-80BE-4A5DD11DDD81}.Debug|Any CPU.ActiveCfg = Debug|Any CPU
		{37E1EBE4-B213-4F3E-80BE-4A5DD11DDD81}.Debug|Any CPU.Build.0 = Debug|Any CPU
		{37E1EBE4-B213-4F3E-80BE-4A5DD11DDD81}.Release|Any CPU.ActiveCfg = Release|Any CPU
		{37E1EBE4-B213-4F3E-80BE-4A5DD11DDD81}.Release|Any CPU.Build.0 = Release|Any CPU
	EndGlobalSection
	GlobalSection(SolutionProperties) = preSolution
		HideSolutionNode = FALSE
	EndGlobalSection
	GlobalSection(ExtensibilityGlobals) = postSolution
		SolutionGuid = {E1DAE3E5-441B-4A90-9BB7-8FC780D15A53}
	EndGlobalSection
EndGlobal
